{
  "name": "intern-angular",
  "version": "1.0.0",
  "lockfileVersion": 1,
  "dependencies": {
    "yargs-parser": {
      "version": "4.2.1",
      "resolved": "https://registry.npmjs.org/yargs-parser/-/yargs-parser-4.2.1.tgz",
      "integrity": "sha1-KczqwNxPA8bIe0qfIX3RjJ90hxw=",
      "dev": true,
      "dependencies": {
        "camelcase": {
          "version": "3.0.0",
          "resolved": "https://registry.npmjs.org/camelcase/-/camelcase-3.0.0.tgz",
          "integrity": "sha1-MvxLn82vhF/N9+c7uXysImHwqwo=",
          "dev": true
        }
      }
    },
    "yauzl": {
      "version": "2.8.0",
      "resolved": "https://registry.npmjs.org/yauzl/-/yauzl-2.8.0.tgz",
      "integrity": "sha1-eUUK/yKyqcWkHvVOAtuQfM+/nuI=",
      "dev": true
    },
    "yeast": {
      "version": "0.1.2",
      "resolved": "https://registry.npmjs.org/yeast/-/yeast-0.1.2.tgz",
      "integrity": "sha1-AI4G2AlDIMNy28L47XagymyKxBk=",
      "dev": true
    },
    "zone.js": {
      "version": "0.8.12",
      "resolved": "https://registry.npmjs.org/zone.js/-/zone.js-0.8.12.tgz",
      "integrity": "sha1-hv9QU8mK7CkaC/S7rFAdaUoFz7s="
    }
  }
}